
Microsoft Visual Studio Solution File, Format Version 12.00
# Visual Studio Version 17
VisualStudioVersion = 17.9.34723.18
MinimumVisualStudioVersion = 10.0.40219.1
Project("{FAE04EC0-301F-11D3-BF4B-00C04F79EFBC}") = "ApiSimples", "ApiSimples\ApiSimples.csproj", "{233FBB10-7304-4708-A501-42EAFA968CC1}"
EndProject
Global
	GlobalSection(SolutionConfigurationPlatforms) = preSolution
		Debug|Any CPU = Debug|Any CPU
		Release|Any CPU = Release|Any CPU
	EndGlobalSection
	GlobalSection(ProjectConfigurationPlatforms) = postSolution
		{233FBB10-7304-4708-A501-42EAFA968CC1}.Debug|Any CPU.ActiveCfg = Debug|Any CPU
		{233FBB10-7304-4708-A501-42EAFA968CC1}.Debug|Any CPU.Build.0 = Debug|Any CPU
		{233FBB10-7304-4708-A501-42EAFA968CC1}.Release|Any CPU.ActiveCfg = Release|Any CPU
		{233FBB10-7304-4708-A501-42EAFA968CC1}.Release|Any CPU.Build.0 = Release|Any CPU
	EndGlobalSection
	GlobalSection(SolutionProperties) = preSolution
		HideSolutionNode = FALSE
	EndGlobalSection
	GlobalSection(ExtensibilityGlobals) = postSolution
		SolutionGuid = {87D046AC-F5E4-4271-BB40-32C22D28AFF1}
	EndGlobalSection
EndGlobal
